
Microsoft Visual Studio Solution File, Format Version 12.00
# Visual Studio Version 16
VisualStudioVersion = 16.0.29123.88
MinimumVisualStudioVersion = 10.0.40219.1
Project("{9A19103F-16F7-4668-BE54-9A1E7A4F7556}") = "Cimpress.DataUri", "Cimpress.DataUri\Cimpress.DataUri.csproj", "{46BE6082-2043-4091-9085-B11348BB61D4}"
EndProject
Project("{9A19103F-16F7-4668-BE54-9A1E7A4F7556}") = "Cimpress.DataUri.Tests", "Cimpress.DataUri.Tests\Cimpress.DataUri.Tests.csproj", "{57FC0BF2-53AA-487B-B40B-52BC6E880914}"
EndProject
Global
	GlobalSection(SolutionConfigurationPlatforms) = preSolution
		Debug|Any CPU = Debug|Any CPU
		Release|Any CPU = Release|Any CPU
	EndGlobalSection
	GlobalSection(ProjectConfigurationPlatforms) = postSolution
		{46BE6082-2043-4091-9085-B11348BB61D4}.Debug|Any CPU.ActiveCfg = Debug|Any CPU
		{46BE6082-2043-4091-9085-B11348BB61D4}.Debug|Any CPU.Build.0 = Debug|Any CPU
		{46BE6082-2043-4091-9085-B11348BB61D4}.Release|Any CPU.ActiveCfg = Release|Any CPU
		{46BE6082-2043-4091-9085-B11348BB61D4}.Release|Any CPU.Build.0 = Release|Any CPU
		{57FC0BF2-53AA-487B-B40B-52BC6E880914}.Debug|Any CPU.ActiveCfg = Debug|Any CPU
		{57FC0BF2-53AA-487B-B40B-52BC6E880914}.Debug|Any CPU.Build.0 = Debug|Any CPU
		{57FC0BF2-53AA-487B-B40B-52BC6E880914}.Release|Any CPU.ActiveCfg = Release|Any CPU
		{57FC0BF2-53AA-487B-B40B-52BC6E880914}.Release|Any CPU.Build.0 = Release|Any CPU
	EndGlobalSection
	GlobalSection(SolutionProperties) = preSolution
		HideSolutionNode = FALSE
	EndGlobalSection
	GlobalSection(ExtensibilityGlobals) = postSolution
		SolutionGuid = {66020D02-E481-4C67-8407-05178A3AE9C8}
	EndGlobalSection
EndGlobal
